
Microsoft Visual Studio Solution File, Format Version 12.00
# Visual Studio Version 17
VisualStudioVersion = 17.11.35222.181
MinimumVisualStudioVersion = 10.0.40219.1
Project("{FAE04EC0-301F-11D3-BF4B-00C04F79EFBC}") = "EUcsatlakozas", "EUcsatlakozas\EUcsatlakozas.csproj", "{91CEDD1B-E8AE-44A9-A7DC-3253A00FBAD8}"
EndProject
Global
	GlobalSection(SolutionConfigurationPlatforms) = preSolution
		Debug|Any CPU = Debug|Any CPU
		Release|Any CPU = Release|Any CPU
	EndGlobalSection
	GlobalSection(ProjectConfigurationPlatforms) = postSolution
		{91CEDD1B-E8AE-44A9-A7DC-3253A00FBAD8}.Debug|Any CPU.ActiveCfg = Debug|Any CPU
		{91CEDD1B-E8AE-44A9-A7DC-3253A00FBAD8}.Debug|Any CPU.Build.0 = Debug|Any CPU
		{91CEDD1B-E8AE-44A9-A7DC-3253A00FBAD8}.Release|Any CPU.ActiveCfg = Release|Any CPU
		{91CEDD1B-E8AE-44A9-A7DC-3253A00FBAD8}.Release|Any CPU.Build.0 = Release|Any CPU
	EndGlobalSection
	GlobalSection(SolutionProperties) = preSolution
		HideSolutionNode = FALSE
	EndGlobalSection
	GlobalSection(ExtensibilityGlobals) = postSolution
		SolutionGuid = {2982F421-5417-4E55-994E-B51B05024118}
	EndGlobalSection
EndGlobal
