
Microsoft Visual Studio Solution File, Format Version 12.00
# Visual Studio Version 17
VisualStudioVersion = 17.13.35828.75 d17.13
MinimumVisualStudioVersion = 10.0.40219.1
Project("{FAE04EC0-301F-11D3-BF4B-00C04F79EFBC}") = "AlapmuveletekV2", "AlapmuveletekV2\AlapmuveletekV2.csproj", "{DC1EE01E-4098-4E59-A9E2-704C1B7E54B2}"
EndProject
Project("{FAE04EC0-301F-11D3-BF4B-00C04F79EFBC}") = "TestOsszead", "TestOsszead\TestOsszead.csproj", "{B41DFA84-80C7-4E48-9AAE-39C182845548}"
EndProject
Global
	GlobalSection(SolutionConfigurationPlatforms) = preSolution
		Debug|Any CPU = Debug|Any CPU
		Release|Any CPU = Release|Any CPU
	EndGlobalSection
	GlobalSection(ProjectConfigurationPlatforms) = postSolution
		{DC1EE01E-4098-4E59-A9E2-704C1B7E54B2}.Debug|Any CPU.ActiveCfg = Debug|Any CPU
		{DC1EE01E-4098-4E59-A9E2-704C1B7E54B2}.Debug|Any CPU.Build.0 = Debug|Any CPU
		{DC1EE01E-4098-4E59-A9E2-704C1B7E54B2}.Release|Any CPU.ActiveCfg = Release|Any CPU
		{DC1EE01E-4098-4E59-A9E2-704C1B7E54B2}.Release|Any CPU.Build.0 = Release|Any CPU
		{B41DFA84-80C7-4E48-9AAE-39C182845548}.Debug|Any CPU.ActiveCfg = Debug|Any CPU
		{B41DFA84-80C7-4E48-9AAE-39C182845548}.Debug|Any CPU.Build.0 = Debug|Any CPU
		{B41DFA84-80C7-4E48-9AAE-39C182845548}.Release|Any CPU.ActiveCfg = Release|Any CPU
		{B41DFA84-80C7-4E48-9AAE-39C182845548}.Release|Any CPU.Build.0 = Release|Any CPU
	EndGlobalSection
	GlobalSection(SolutionProperties) = preSolution
		HideSolutionNode = FALSE
	EndGlobalSection
	GlobalSection(ExtensibilityGlobals) = postSolution
		SolutionGuid = {FA282D0B-533A-44EE-A33E-05734DD2DCFC}
	EndGlobalSection
EndGlobal
