
Microsoft Visual Studio Solution File, Format Version 12.00
# Visual Studio Version 17
VisualStudioVersion = 17.11.35222.181
MinimumVisualStudioVersion = 10.0.40219.1
Project("{FAE04EC0-301F-11D3-BF4B-00C04F79EFBC}") = "Interfesz", "Interfesz\Interfesz.csproj", "{4646610E-5D59-44A4-8815-FC7804A499C9}"
EndProject
Global
	GlobalSection(SolutionConfigurationPlatforms) = preSolution
		Debug|Any CPU = Debug|Any CPU
		Release|Any CPU = Release|Any CPU
	EndGlobalSection
	GlobalSection(ProjectConfigurationPlatforms) = postSolution
		{4646610E-5D59-44A4-8815-FC7804A499C9}.Debug|Any CPU.ActiveCfg = Debug|Any CPU
		{4646610E-5D59-44A4-8815-FC7804A499C9}.Debug|Any CPU.Build.0 = Debug|Any CPU
		{4646610E-5D59-44A4-8815-FC7804A499C9}.Release|Any CPU.ActiveCfg = Release|Any CPU
		{4646610E-5D59-44A4-8815-FC7804A499C9}.Release|Any CPU.Build.0 = Release|Any CPU
	EndGlobalSection
	GlobalSection(SolutionProperties) = preSolution
		HideSolutionNode = FALSE
	EndGlobalSection
	GlobalSection(ExtensibilityGlobals) = postSolution
		SolutionGuid = {2EB639CB-9780-405E-8F07-80F967046185}
	EndGlobalSection
EndGlobal
