
Microsoft Visual Studio Solution File, Format Version 12.00
# Visual Studio Version 17
VisualStudioVersion = 17.11.35222.181
MinimumVisualStudioVersion = 10.0.40219.1
Project("{FAE04EC0-301F-11D3-BF4B-00C04F79EFBC}") = "KetdimenziosTombok", "KetdimenziosTombok\KetdimenziosTombok.csproj", "{2AB59CC3-52E1-49CD-BDA7-C63F942D6E4D}"
EndProject
Global
	GlobalSection(SolutionConfigurationPlatforms) = preSolution
		Debug|Any CPU = Debug|Any CPU
		Release|Any CPU = Release|Any CPU
	EndGlobalSection
	GlobalSection(ProjectConfigurationPlatforms) = postSolution
		{2AB59CC3-52E1-49CD-BDA7-C63F942D6E4D}.Debug|Any CPU.ActiveCfg = Debug|Any CPU
		{2AB59CC3-52E1-49CD-BDA7-C63F942D6E4D}.Debug|Any CPU.Build.0 = Debug|Any CPU
		{2AB59CC3-52E1-49CD-BDA7-C63F942D6E4D}.Release|Any CPU.ActiveCfg = Release|Any CPU
		{2AB59CC3-52E1-49CD-BDA7-C63F942D6E4D}.Release|Any CPU.Build.0 = Release|Any CPU
	EndGlobalSection
	GlobalSection(SolutionProperties) = preSolution
		HideSolutionNode = FALSE
	EndGlobalSection
	GlobalSection(ExtensibilityGlobals) = postSolution
		SolutionGuid = {FAB4FF79-CAA1-43AE-B904-FACAA860FC80}
	EndGlobalSection
EndGlobal
