
Microsoft Visual Studio Solution File, Format Version 12.00
# Visual Studio Version 17
VisualStudioVersion = 17.13.35828.75 d17.13
MinimumVisualStudioVersion = 10.0.40219.1
Project("{FAE04EC0-301F-11D3-BF4B-00C04F79EFBC}") = "WinFormsPelda", "WinFormsPelda\WinFormsPelda.csproj", "{57621259-BE99-4F04-9464-B5DC91A58A57}"
EndProject
Global
	GlobalSection(SolutionConfigurationPlatforms) = preSolution
		Debug|Any CPU = Debug|Any CPU
		Release|Any CPU = Release|Any CPU
	EndGlobalSection
	GlobalSection(ProjectConfigurationPlatforms) = postSolution
		{57621259-BE99-4F04-9464-B5DC91A58A57}.Debug|Any CPU.ActiveCfg = Debug|Any CPU
		{57621259-BE99-4F04-9464-B5DC91A58A57}.Debug|Any CPU.Build.0 = Debug|Any CPU
		{57621259-BE99-4F04-9464-B5DC91A58A57}.Release|Any CPU.ActiveCfg = Release|Any CPU
		{57621259-BE99-4F04-9464-B5DC91A58A57}.Release|Any CPU.Build.0 = Release|Any CPU
	EndGlobalSection
	GlobalSection(SolutionProperties) = preSolution
		HideSolutionNode = FALSE
	EndGlobalSection
	GlobalSection(ExtensibilityGlobals) = postSolution
		SolutionGuid = {9098DF46-14B3-426A-93FD-D7A2504CE810}
	EndGlobalSection
EndGlobal
