
Microsoft Visual Studio Solution File, Format Version 12.00
# Visual Studio Version 17
VisualStudioVersion = 17.14.36518.9 d17.14
MinimumVisualStudioVersion = 10.0.40219.1
Project("{FAE04EC0-301F-11D3-BF4B-00C04F79EFBC}") = "TesztIsmetles", "TesztIsmetles\TesztIsmetles.csproj", "{3EE9B8C0-9530-4466-AFFB-B057DC3D756C}"
EndProject
Project("{FAE04EC0-301F-11D3-BF4B-00C04F79EFBC}") = "Szamolo", "Szamolo\Szamolo.csproj", "{2B81AF21-8072-4C05-90AA-3C04C73EFB88}"
EndProject
Project("{FAE04EC0-301F-11D3-BF4B-00C04F79EFBC}") = "TestAlapmuveletek", "TestAlapmuveletek\TestAlapmuveletek.csproj", "{619FC305-428A-4162-984F-E12C22A20326}"
EndProject
Global
	GlobalSection(SolutionConfigurationPlatforms) = preSolution
		Debug|Any CPU = Debug|Any CPU
		Release|Any CPU = Release|Any CPU
	EndGlobalSection
	GlobalSection(ProjectConfigurationPlatforms) = postSolution
		{3EE9B8C0-9530-4466-AFFB-B057DC3D756C}.Debug|Any CPU.ActiveCfg = Debug|Any CPU
		{3EE9B8C0-9530-4466-AFFB-B057DC3D756C}.Debug|Any CPU.Build.0 = Debug|Any CPU
		{3EE9B8C0-9530-4466-AFFB-B057DC3D756C}.Release|Any CPU.ActiveCfg = Release|Any CPU
		{3EE9B8C0-9530-4466-AFFB-B057DC3D756C}.Release|Any CPU.Build.0 = Release|Any CPU
		{2B81AF21-8072-4C05-90AA-3C04C73EFB88}.Debug|Any CPU.ActiveCfg = Debug|Any CPU
		{2B81AF21-8072-4C05-90AA-3C04C73EFB88}.Debug|Any CPU.Build.0 = Debug|Any CPU
		{2B81AF21-8072-4C05-90AA-3C04C73EFB88}.Release|Any CPU.ActiveCfg = Release|Any CPU
		{2B81AF21-8072-4C05-90AA-3C04C73EFB88}.Release|Any CPU.Build.0 = Release|Any CPU
		{619FC305-428A-4162-984F-E12C22A20326}.Debug|Any CPU.ActiveCfg = Debug|Any CPU
		{619FC305-428A-4162-984F-E12C22A20326}.Debug|Any CPU.Build.0 = Debug|Any CPU
		{619FC305-428A-4162-984F-E12C22A20326}.Release|Any CPU.ActiveCfg = Release|Any CPU
		{619FC305-428A-4162-984F-E12C22A20326}.Release|Any CPU.Build.0 = Release|Any CPU
	EndGlobalSection
	GlobalSection(SolutionProperties) = preSolution
		HideSolutionNode = FALSE
	EndGlobalSection
	GlobalSection(ExtensibilityGlobals) = postSolution
		SolutionGuid = {A75CE489-2EF8-46E0-8DA5-F378A052D956}
	EndGlobalSection
EndGlobal
