
Microsoft Visual Studio Solution File, Format Version 12.00
# Visual Studio Version 17
VisualStudioVersion = 17.11.35222.181
MinimumVisualStudioVersion = 10.0.40219.1
Project("{FAE04EC0-301F-11D3-BF4B-00C04F79EFBC}") = "Kivetelek", "Kivetelek\Kivetelek.csproj", "{C0C74A79-417F-43C8-A75E-4A5966E88A09}"
EndProject
Global
	GlobalSection(SolutionConfigurationPlatforms) = preSolution
		Debug|Any CPU = Debug|Any CPU
		Release|Any CPU = Release|Any CPU
	EndGlobalSection
	GlobalSection(ProjectConfigurationPlatforms) = postSolution
		{C0C74A79-417F-43C8-A75E-4A5966E88A09}.Debug|Any CPU.ActiveCfg = Debug|Any CPU
		{C0C74A79-417F-43C8-A75E-4A5966E88A09}.Debug|Any CPU.Build.0 = Debug|Any CPU
		{C0C74A79-417F-43C8-A75E-4A5966E88A09}.Release|Any CPU.ActiveCfg = Release|Any CPU
		{C0C74A79-417F-43C8-A75E-4A5966E88A09}.Release|Any CPU.Build.0 = Release|Any CPU
	EndGlobalSection
	GlobalSection(SolutionProperties) = preSolution
		HideSolutionNode = FALSE
	EndGlobalSection
	GlobalSection(ExtensibilityGlobals) = postSolution
		SolutionGuid = {F70A1D15-188C-4E13-8D7A-D2EB90D16336}
	EndGlobalSection
EndGlobal
