
Microsoft Visual Studio Solution File, Format Version 12.00
# Visual Studio Version 17
VisualStudioVersion = 17.14.36518.9 d17.14
MinimumVisualStudioVersion = 10.0.40219.1
Project("{FAE04EC0-301F-11D3-BF4B-00C04F79EFBC}") = "MauiCollection14d2025", "MauiCollection14d2025\MauiCollection14d2025.csproj", "{D890845E-7624-4F06-A27C-6447247E1E2C}"
EndProject
Global
	GlobalSection(SolutionConfigurationPlatforms) = preSolution
		Debug|Any CPU = Debug|Any CPU
		Release|Any CPU = Release|Any CPU
	EndGlobalSection
	GlobalSection(ProjectConfigurationPlatforms) = postSolution
		{D890845E-7624-4F06-A27C-6447247E1E2C}.Debug|Any CPU.ActiveCfg = Debug|Any CPU
		{D890845E-7624-4F06-A27C-6447247E1E2C}.Debug|Any CPU.Build.0 = Debug|Any CPU
		{D890845E-7624-4F06-A27C-6447247E1E2C}.Debug|Any CPU.Deploy.0 = Debug|Any CPU
		{D890845E-7624-4F06-A27C-6447247E1E2C}.Release|Any CPU.ActiveCfg = Release|Any CPU
		{D890845E-7624-4F06-A27C-6447247E1E2C}.Release|Any CPU.Build.0 = Release|Any CPU
		{D890845E-7624-4F06-A27C-6447247E1E2C}.Release|Any CPU.Deploy.0 = Release|Any CPU
	EndGlobalSection
	GlobalSection(SolutionProperties) = preSolution
		HideSolutionNode = FALSE
	EndGlobalSection
	GlobalSection(ExtensibilityGlobals) = postSolution
		SolutionGuid = {D8760721-E624-4260-8B1E-551D83EF763E}
	EndGlobalSection
EndGlobal
