
Microsoft Visual Studio Solution File, Format Version 12.00
# Visual Studio Version 17
VisualStudioVersion = 17.13.35828.75 d17.13
MinimumVisualStudioVersion = 10.0.40219.1
Project("{FAE04EC0-301F-11D3-BF4B-00C04F79EFBC}") = "WpfKepek", "WpfKepek\WpfKepek.csproj", "{16B26210-EFAA-479A-87CE-533E43F17292}"
EndProject
Project("{FAE04EC0-301F-11D3-BF4B-00C04F79EFBC}") = "WpfKepMultiselect", "WpfKepMultiselect\WpfKepMultiselect.csproj", "{7AE81EC8-7891-4D2B-84DA-C4967EB83BF2}"
EndProject
Global
	GlobalSection(SolutionConfigurationPlatforms) = preSolution
		Debug|Any CPU = Debug|Any CPU
		Release|Any CPU = Release|Any CPU
	EndGlobalSection
	GlobalSection(ProjectConfigurationPlatforms) = postSolution
		{16B26210-EFAA-479A-87CE-533E43F17292}.Debug|Any CPU.ActiveCfg = Debug|Any CPU
		{16B26210-EFAA-479A-87CE-533E43F17292}.Debug|Any CPU.Build.0 = Debug|Any CPU
		{16B26210-EFAA-479A-87CE-533E43F17292}.Release|Any CPU.ActiveCfg = Release|Any CPU
		{16B26210-EFAA-479A-87CE-533E43F17292}.Release|Any CPU.Build.0 = Release|Any CPU
		{7AE81EC8-7891-4D2B-84DA-C4967EB83BF2}.Debug|Any CPU.ActiveCfg = Debug|Any CPU
		{7AE81EC8-7891-4D2B-84DA-C4967EB83BF2}.Debug|Any CPU.Build.0 = Debug|Any CPU
		{7AE81EC8-7891-4D2B-84DA-C4967EB83BF2}.Release|Any CPU.ActiveCfg = Release|Any CPU
		{7AE81EC8-7891-4D2B-84DA-C4967EB83BF2}.Release|Any CPU.Build.0 = Release|Any CPU
	EndGlobalSection
	GlobalSection(SolutionProperties) = preSolution
		HideSolutionNode = FALSE
	EndGlobalSection
	GlobalSection(ExtensibilityGlobals) = postSolution
		SolutionGuid = {49BBB9C8-C632-4BF0-9325-AE769B2D9063}
	EndGlobalSection
EndGlobal
